{
    "name": "wme-geometries",
    "version": "1.0.0",
    "lockfileVersion": 3,
    "requires": true,
    "packages": {
        "": {
            "name": "wme-geometries",
            "version": "1.0.0",
            "dependencies": {
                "wme-geometries": "file:"
            },
            "devDependencies": {
                "@tmcw/togeojson": "^6.0.0",
                "@types/i18n": "^0.13.12",
                "i18n": "^0.15.1",
                "jquery": "^3.7.1",
                "lz-string": "^1.5.0",
                "typescript": "^5.7.2",
                "wicket": "^1.3.8",
                "wme-sdk": "https://web-assets.waze.com/wme_sdk_docs/beta/latest/wme-sdk-typings.tgz"
            }
        },
        "node_modules/@jridgewell/gen-mapping": {
            "version": "0.3.8",
            "resolved": "https://registry.npmjs.org/@jridgewell/gen-mapping/-/gen-mapping-0.3.8.tgz",
            "integrity": "sha512-imAbBGkb+ebQyxKgzv5Hu2nmROxoDOXHh80evxdoXNOrvAnVx7zimzc1Oo5h9RlfV4vPXaE2iM5pOFbvOCClWA==",
            "dev": true,
            "license": "MIT",
            "dependencies": {
                "@jridgewell/set-array": "^1.2.1",
                "@jridgewell/sourcemap-codec": "^1.4.10",
                "@jridgewell/trace-mapping": "^0.3.24"
            },
            "engines": {
                "node": ">=6.0.0"
            }
        },
        "node_modules/@jridgewell/resolve-uri": {
            "version": "3.1.2",
            "resolved": "https://registry.npmjs.org/@jridgewell/resolve-uri/-/resolve-uri-3.1.2.tgz",
            "integrity": "sha512-bRISgCIjP20/tbWSPWMEi54QVPRZExkuD9lJL+UIxUKtwVJA8wW1Trb1jMs1RFXo1CBTNZ/5hpC9QvmKWdopKw==",
            "dev": true,
            "license": "MIT",
            "engines": {
                "node": ">=6.0.0"
            }
        },
        "node_modules/@jridgewell/set-array": {
            "version": "1.2.1",
            "resolved": "https://registry.npmjs.org/@jridgewell/set-array/-/set-array-1.2.1.tgz",
            "integrity": "sha512-R8gLRTZeyp03ymzP/6Lil/28tGeGEzhx1q2k703KGWRAI1VdvPIXdG70VJc2pAMw3NA6JKL5hhFu1sJX0Mnn/A==",
            "dev": true,
            "license": "MIT",
            "engines": {
                "node": ">=6.0.0"
            }
        },
        "node_modules/@jridgewell/source-map": {
            "version": "0.3.6",
            "resolved": "https://registry.npmjs.org/@jridgewell/source-map/-/source-map-0.3.6.tgz",
            "integrity": "sha512-1ZJTZebgqllO79ue2bm3rIGud/bOe0pP5BjSRCRxxYkEZS8STV7zN84UBbiYu7jy+eCKSnVIUgoWWE/tt+shMQ==",
            "dev": true,
            "license": "MIT",
            "dependencies": {
                "@jridgewell/gen-mapping": "^0.3.5",
                "@jridgewell/trace-mapping": "^0.3.25"
            }
        },
        "node_modules/@jridgewell/sourcemap-codec": {
            "version": "1.5.0",
            "resolved": "https://registry.npmjs.org/@jridgewell/sourcemap-codec/-/sourcemap-codec-1.5.0.tgz",
            "integrity": "sha512-gv3ZRaISU3fjPAgNsriBRqGWQL6quFx04YMPW/zD8XMLsU32mhCCbfbO6KZFLjvYpCZ8zyDEgqsgf+PwPaM7GQ==",
            "dev": true,
            "license": "MIT"
        },
        "node_modules/@jridgewell/trace-mapping": {
            "version": "0.3.25",
            "resolved": "https://registry.npmjs.org/@jridgewell/trace-mapping/-/trace-mapping-0.3.25.tgz",
            "integrity": "sha512-vNk6aEwybGtawWmy/PzwnGDOjCkLWSD2wqvjGGAgOAwCGWySYXfYoxt00IJkTF+8Lb57DwOb3Aa0o9CApepiYQ==",
            "dev": true,
            "license": "MIT",
            "dependencies": {
                "@jridgewell/resolve-uri": "^3.1.0",
                "@jridgewell/sourcemap-codec": "^1.4.14"
            }
        },
        "node_modules/@messageformat/core": {
            "version": "3.4.0",
            "resolved": "https://registry.npmjs.org/@messageformat/core/-/core-3.4.0.tgz",
            "integrity": "sha512-NgCFubFFIdMWJGN5WuQhHCNmzk7QgiVfrViFxcS99j7F5dDS5EP6raR54I+2ydhe4+5/XTn/YIEppFaqqVWHsw==",
            "dev": true,
            "license": "MIT",
            "dependencies": {
                "@messageformat/date-skeleton": "^1.0.0",
                "@messageformat/number-skeleton": "^1.0.0",
                "@messageformat/parser": "^5.1.0",
                "@messageformat/runtime": "^3.0.1",
                "make-plural": "^7.0.0",
                "safe-identifier": "^0.4.1"
            }
        },
        "node_modules/@messageformat/date-skeleton": {
            "version": "1.1.0",
            "resolved": "https://registry.npmjs.org/@messageformat/date-skeleton/-/date-skeleton-1.1.0.tgz",
            "integrity": "sha512-rmGAfB1tIPER+gh3p/RgA+PVeRE/gxuQ2w4snFWPF5xtb5mbWR7Cbw7wCOftcUypbD6HVoxrVdyyghPm3WzP5A==",
            "dev": true,
            "license": "MIT"
        },
        "node_modules/@messageformat/number-skeleton": {
            "version": "1.2.0",
            "resolved": "https://registry.npmjs.org/@messageformat/number-skeleton/-/number-skeleton-1.2.0.tgz",
            "integrity": "sha512-xsgwcL7J7WhlHJ3RNbaVgssaIwcEyFkBqxHdcdaiJzwTZAWEOD8BuUFxnxV9k5S0qHN3v/KzUpq0IUpjH1seRg==",
            "dev": true,
            "license": "MIT"
        },
        "node_modules/@messageformat/parser": {
            "version": "5.1.1",
            "resolved": "https://registry.npmjs.org/@messageformat/parser/-/parser-5.1.1.tgz",
            "integrity": "sha512-3p0YRGCcTUCYvBKLIxtDDyrJ0YijGIwrTRu1DT8gIviIDZru8H23+FkY6MJBzM1n9n20CiM4VeDYuBsrrwnLjg==",
            "dev": true,
            "license": "MIT",
            "dependencies": {
                "moo": "^0.5.1"
            }
        },
        "node_modules/@messageformat/runtime": {
            "version": "3.0.1",
            "resolved": "https://registry.npmjs.org/@messageformat/runtime/-/runtime-3.0.1.tgz",
            "integrity": "sha512-6RU5ol2lDtO8bD9Yxe6CZkl0DArdv0qkuoZC+ZwowU+cdRlVE1157wjCmlA5Rsf1Xc/brACnsZa5PZpEDfTFFg==",
            "dev": true,
            "license": "MIT",
            "dependencies": {
                "make-plural": "^7.0.0"
            }
        },
        "node_modules/@rollup/plugin-terser": {
            "version": "0.4.4",
            "resolved": "https://registry.npmjs.org/@rollup/plugin-terser/-/plugin-terser-0.4.4.tgz",
            "integrity": "sha512-XHeJC5Bgvs8LfukDwWZp7yeqin6ns8RTl2B9avbejt6tZqsqvVoWI7ZTQrcNsfKEDWBTnTxM8nMDkO2IFFbd0A==",
            "dev": true,
            "license": "MIT",
            "dependencies": {
                "serialize-javascript": "^6.0.1",
                "smob": "^1.0.0",
                "terser": "^5.17.4"
            },
            "engines": {
                "node": ">=14.0.0"
            },
            "peerDependencies": {
                "rollup": "^2.0.0||^3.0.0||^4.0.0"
            },
            "peerDependenciesMeta": {
                "rollup": {
                    "optional": true
                }
            }
        },
        "node_modules/@tmcw/togeojson": {
            "version": "6.0.0",
            "resolved": "https://registry.npmjs.org/@tmcw/togeojson/-/togeojson-6.0.0.tgz",
            "integrity": "sha512-48+l0N43M1dUZEqS+vOEAWwWLNB6Y372NuEFYxll/bxV/q3qSvYcTMY+9eGoWwQYeATmn8Xi+uaNb0OFDIcXYw==",
            "dev": true,
            "license": "BSD-2-Clause",
            "dependencies": {
                "@rollup/plugin-terser": "^0.4.4"
            },
            "engines": {
                "node": "*"
            },
            "peerDependencies": {
                "@types/geojson": "*",
                "@xmldom/xmldom": "^0.9.5"
            }
        },
        "node_modules/@types/geojson": {
            "version": "7946.0.15",
            "resolved": "https://registry.npmjs.org/@types/geojson/-/geojson-7946.0.15.tgz",
            "integrity": "sha512-9oSxFzDCT2Rj6DfcHF8G++jxBKS7mBqXl5xrRW+Kbvjry6Uduya2iiwqHPhVXpasAVMBYKkEPGgKhd3+/HZ6xA==",
            "dev": true,
            "license": "MIT",
            "peer": true
        },
        "node_modules/@types/i18n": {
            "version": "0.13.12",
            "resolved": "https://registry.npmjs.org/@types/i18n/-/i18n-0.13.12.tgz",
            "integrity": "sha512-iAd2QjKh+0ToBXocmCS3m38GskiaGzmSV1MTQz2GaOraqSqBiLf46J7u3EGINl+st+Uk4lO3OL7QyIjTJlrWIg==",
            "dev": true,
            "license": "MIT"
        },
        "node_modules/@xmldom/xmldom": {
            "version": "0.9.6",
            "resolved": "https://registry.npmjs.org/@xmldom/xmldom/-/xmldom-0.9.6.tgz",
            "integrity": "sha512-Su4xcxR0CPGwlDHNmVP09fqET9YxbyDXHaSob6JlBH7L6reTYaeim6zbk9o08UarO0L5GTRo3uzl0D+9lSxmvw==",
            "dev": true,
            "license": "MIT",
            "peer": true,
            "engines": {
                "node": ">=14.6"
            }
        },
        "node_modules/acorn": {
            "version": "8.14.0",
            "resolved": "https://registry.npmjs.org/acorn/-/acorn-8.14.0.tgz",
            "integrity": "sha512-cl669nCJTZBsL97OF4kUQm5g5hC2uihk0NxY3WENAC0TYdILVkAyHymAntgxGkl7K+t0cXIrH5siy5S4XkFycA==",
            "dev": true,
            "license": "MIT",
            "bin": {
                "acorn": "bin/acorn"
            },
            "engines": {
                "node": ">=0.4.0"
            }
        },
        "node_modules/buffer-from": {
            "version": "1.1.2",
            "resolved": "https://registry.npmjs.org/buffer-from/-/buffer-from-1.1.2.tgz",
            "integrity": "sha512-E+XQCRwSbaaiChtv6k6Dwgc+bx+Bs6vuKJHHl5kox/BaKbhiXzqQOwK4cO22yElGp2OCmjwVhT3HmxgyPGnJfQ==",
            "dev": true,
            "license": "MIT"
        },
        "node_modules/commander": {
            "version": "2.20.3",
            "resolved": "https://registry.npmjs.org/commander/-/commander-2.20.3.tgz",
            "integrity": "sha512-GpVkmM8vF2vQUkj2LvZmD35JxeJOLCwJ9cUkugyk2nuhbv3+mJvpLYYt+0+USMxE+oj+ey/lJEnhZw75x/OMcQ==",
            "dev": true,
            "license": "MIT"
        },
        "node_modules/debug": {
            "version": "4.4.0",
            "resolved": "https://registry.npmjs.org/debug/-/debug-4.4.0.tgz",
            "integrity": "sha512-6WTZ/IxCY/T6BALoZHaE4ctp9xm+Z5kY/pzYaCHRFeyVhojxlrm+46y68HA6hr0TcwEssoxNiDEUJQjfPZ/RYA==",
            "dev": true,
            "license": "MIT",
            "dependencies": {
                "ms": "^2.1.3"
            },
            "engines": {
                "node": ">=6.0"
            },
            "peerDependenciesMeta": {
                "supports-color": {
                    "optional": true
                }
            }
        },
        "node_modules/fast-printf": {
            "version": "1.6.10",
            "resolved": "https://registry.npmjs.org/fast-printf/-/fast-printf-1.6.10.tgz",
            "integrity": "sha512-GwTgG9O4FVIdShhbVF3JxOgSBY2+ePGsu2V/UONgoCPzF9VY6ZdBMKsHKCYQHZwNk3qNouUolRDsgVxcVA5G1w==",
            "dev": true,
            "license": "BSD-3-Clause",
            "engines": {
                "node": ">=10.0"
            }
        },
        "node_modules/i18n": {
            "version": "0.15.1",
            "resolved": "https://registry.npmjs.org/i18n/-/i18n-0.15.1.tgz",
            "integrity": "sha512-yue187t8MqUPMHdKjiZGrX+L+xcUsDClGO0Cz4loaKUOK9WrGw5pgan4bv130utOwX7fHE9w2iUeHFalVQWkXA==",
            "dev": true,
            "license": "MIT",
            "dependencies": {
                "@messageformat/core": "^3.0.0",
                "debug": "^4.3.3",
                "fast-printf": "^1.6.9",
                "make-plural": "^7.0.0",
                "math-interval-parser": "^2.0.1",
                "mustache": "^4.2.0"
            },
            "engines": {
                "node": ">=10"
            },
            "funding": {
                "url": "https://github.com/sponsors/mashpie"
            }
        },
        "node_modules/jquery": {
            "version": "3.7.1",
            "resolved": "https://registry.npmjs.org/jquery/-/jquery-3.7.1.tgz",
            "integrity": "sha512-m4avr8yL8kmFN8psrbFFFmB/If14iN5o9nw/NgnnM+kybDJpRsAynV2BsfpTYrTRysYUdADVD7CkUUizgkpLfg==",
            "dev": true,
            "license": "MIT"
        },
        "node_modules/lz-string": {
            "version": "1.5.0",
            "resolved": "https://registry.npmjs.org/lz-string/-/lz-string-1.5.0.tgz",
            "integrity": "sha512-h5bgJWpxJNswbU7qCrV0tIKQCaS3blPDrqKWx+QxzuzL1zGUzij9XCWLrSLsJPu5t+eWA/ycetzYAO5IOMcWAQ==",
            "dev": true,
            "license": "MIT",
            "bin": {
                "lz-string": "bin/bin.js"
            }
        },
        "node_modules/make-plural": {
            "version": "7.4.0",
            "resolved": "https://registry.npmjs.org/make-plural/-/make-plural-7.4.0.tgz",
            "integrity": "sha512-4/gC9KVNTV6pvYg2gFeQYTW3mWaoJt7WZE5vrp1KnQDgW92JtYZnzmZT81oj/dUTqAIu0ufI2x3dkgu3bB1tYg==",
            "dev": true,
            "license": "Unicode-DFS-2016"
        },
        "node_modules/math-interval-parser": {
            "version": "2.0.1",
            "resolved": "https://registry.npmjs.org/math-interval-parser/-/math-interval-parser-2.0.1.tgz",
            "integrity": "sha512-VmlAmb0UJwlvMyx8iPhXUDnVW1F9IrGEd9CIOmv+XL8AErCUUuozoDMrgImvnYt2A+53qVX/tPW6YJurMKYsvA==",
            "dev": true,
            "license": "MIT",
            "engines": {
                "node": ">=0.10.0"
            }
        },
        "node_modules/moo": {
            "version": "0.5.2",
            "resolved": "https://registry.npmjs.org/moo/-/moo-0.5.2.tgz",
            "integrity": "sha512-iSAJLHYKnX41mKcJKjqvnAN9sf0LMDTXDEvFv+ffuRR9a1MIuXLjMNL6EsnDHSkKLTWNqQQ5uo61P4EbU4NU+Q==",
            "dev": true,
            "license": "BSD-3-Clause"
        },
        "node_modules/ms": {
            "version": "2.1.3",
            "resolved": "https://registry.npmjs.org/ms/-/ms-2.1.3.tgz",
            "integrity": "sha512-6FlzubTLZG3J2a/NVCAleEhjzq5oxgHyaCU9yYXvcLsvoVaHJq/s5xXI6/XXP6tz7R9xAOtHnSO/tXtF3WRTlA==",
            "dev": true,
            "license": "MIT"
        },
        "node_modules/mustache": {
            "version": "4.2.0",
            "resolved": "https://registry.npmjs.org/mustache/-/mustache-4.2.0.tgz",
            "integrity": "sha512-71ippSywq5Yb7/tVYyGbkBggbU8H3u5Rz56fH60jGFgr8uHwxs+aSKeqmluIVzM0m0kB7xQjKS6qPfd0b2ZoqQ==",
            "dev": true,
            "license": "MIT",
            "bin": {
                "mustache": "bin/mustache"
            }
        },
        "node_modules/randombytes": {
            "version": "2.1.0",
            "resolved": "https://registry.npmjs.org/randombytes/-/randombytes-2.1.0.tgz",
            "integrity": "sha512-vYl3iOX+4CKUWuxGi9Ukhie6fsqXqS9FE2Zaic4tNFD2N2QQaXOMFbuKK4QmDHC0JO6B1Zp41J0LpT0oR68amQ==",
            "dev": true,
            "license": "MIT",
            "dependencies": {
                "safe-buffer": "^5.1.0"
            }
        },
        "node_modules/safe-buffer": {
            "version": "5.2.1",
            "resolved": "https://registry.npmjs.org/safe-buffer/-/safe-buffer-5.2.1.tgz",
            "integrity": "sha512-rp3So07KcdmmKbGvgaNxQSJr7bGVSVk5S9Eq1F+ppbRo70+YeaDxkw5Dd8NPN+GD6bjnYm2VuPuCXmpuYvmCXQ==",
            "dev": true,
            "funding": [
                {
                    "type": "github",
                    "url": "https://github.com/sponsors/feross"
                },
                {
                    "type": "patreon",
                    "url": "https://www.patreon.com/feross"
                },
                {
                    "type": "consulting",
                    "url": "https://feross.org/support"
                }
            ],
            "license": "MIT"
        },
        "node_modules/safe-identifier": {
            "version": "0.4.2",
            "resolved": "https://registry.npmjs.org/safe-identifier/-/safe-identifier-0.4.2.tgz",
            "integrity": "sha512-6pNbSMW6OhAi9j+N8V+U715yBQsaWJ7eyEUaOrawX+isg5ZxhUlV1NipNtgaKHmFGiABwt+ZF04Ii+3Xjkg+8w==",
            "dev": true,
            "license": "ISC"
        },
        "node_modules/serialize-javascript": {
            "version": "6.0.2",
            "resolved": "https://registry.npmjs.org/serialize-javascript/-/serialize-javascript-6.0.2.tgz",
            "integrity": "sha512-Saa1xPByTTq2gdeFZYLLo+RFE35NHZkAbqZeWNd3BpzppeVisAqpDjcp8dyf6uIvEqJRd46jemmyA4iFIeVk8g==",
            "dev": true,
            "license": "BSD-3-Clause",
            "dependencies": {
                "randombytes": "^2.1.0"
            }
        },
        "node_modules/smob": {
            "version": "1.5.0",
            "resolved": "https://registry.npmjs.org/smob/-/smob-1.5.0.tgz",
            "integrity": "sha512-g6T+p7QO8npa+/hNx9ohv1E5pVCmWrVCUzUXJyLdMmftX6ER0oiWY/w9knEonLpnOp6b6FenKnMfR8gqwWdwig==",
            "dev": true,
            "license": "MIT"
        },
        "node_modules/source-map": {
            "version": "0.6.1",
            "resolved": "https://registry.npmjs.org/source-map/-/source-map-0.6.1.tgz",
            "integrity": "sha512-UjgapumWlbMhkBgzT7Ykc5YXUT46F0iKu8SGXq0bcwP5dz/h0Plj6enJqjz1Zbq2l5WaqYnrVbwWOWMyF3F47g==",
            "dev": true,
            "license": "BSD-3-Clause",
            "engines": {
                "node": ">=0.10.0"
            }
        },
        "node_modules/source-map-support": {
            "version": "0.5.21",
            "resolved": "https://registry.npmjs.org/source-map-support/-/source-map-support-0.5.21.tgz",
            "integrity": "sha512-uBHU3L3czsIyYXKX88fdrGovxdSCoTGDRZ6SYXtSRxLZUzHg5P/66Ht6uoUlHu9EZod+inXhKo3qQgwXUT/y1w==",
            "dev": true,
            "license": "MIT",
            "dependencies": {
                "buffer-from": "^1.0.0",
                "source-map": "^0.6.0"
            }
        },
        "node_modules/terser": {
            "version": "5.37.0",
            "resolved": "https://registry.npmjs.org/terser/-/terser-5.37.0.tgz",
            "integrity": "sha512-B8wRRkmre4ERucLM/uXx4MOV5cbnOlVAqUst+1+iLKPI0dOgFO28f84ptoQt9HEI537PMzfYa/d+GEPKTRXmYA==",
            "dev": true,
            "license": "BSD-2-Clause",
            "dependencies": {
                "@jridgewell/source-map": "^0.3.3",
                "acorn": "^8.8.2",
                "commander": "^2.20.0",
                "source-map-support": "~0.5.20"
            },
            "bin": {
                "terser": "bin/terser"
            },
            "engines": {
                "node": ">=10"
            }
        },
        "node_modules/typescript": {
            "version": "5.7.2",
            "resolved": "https://registry.npmjs.org/typescript/-/typescript-5.7.2.tgz",
            "integrity": "sha512-i5t66RHxDvVN40HfDd1PsEThGNnlMCMT3jMUuoh9/0TaqWevNontacunWyN02LA9/fIbEWlcHZcgTKb9QoaLfg==",
            "dev": true,
            "license": "Apache-2.0",
            "bin": {
                "tsc": "bin/tsc",
                "tsserver": "bin/tsserver"
            },
            "engines": {
                "node": ">=14.17"
            }
        },
        "node_modules/wicket": {
            "version": "1.3.8",
            "resolved": "https://registry.npmjs.org/wicket/-/wicket-1.3.8.tgz",
            "integrity": "sha512-+UZsrBvp8OI+8PhStpXQw0oJedaCLncZwu7lPdcZ9BpUsyu25rztzHG+IwXGK372nuDGp+Wy4FreM/rzdWYJAg==",
            "dev": true,
            "license": "GPL-3.0"
        },
        "node_modules/wme-geometries": {
            "resolved": "",
            "link": true
        },
        "node_modules/wme-sdk": {
            "name": "wme-sdk-typings",
            "version": "v2.268-2-g2718bf0c1",
            "resolved": "https://web-assets.waze.com/wme_sdk_docs/beta/latest/wme-sdk-typings.tgz",
            "integrity": "sha512-7M0Cf66HbceFVRHnTyxEvtpZxtMFD2gcfWqQBbqgDaR/O9OTvGPvCLOBZdaqGGegE6HZ2ceEv2kePNebRE2EcQ==",
            "dev": true,
            "license": "UNLICENSED",
            "peerDependencies": {
                "@types/geojson": "^7946.0.14"
            }
        }
    }
}
