{
    "name": "wme-geometries",
    "version": "1.0.0",
    "lockfileVersion": 3,
    "requires": true,
    "packages": {
        "": {
            "name": "wme-geometries",
            "version": "1.0.0",
            "dependencies": {
                "wme-geometries": "file:"
            },
            "devDependencies": {
                "@types/i18n": "^0.13.12",
                "@types/jquery": "^3.5.32",
                "i18n": "^0.15.1",
                "jquery": "^3.7.1",
                "lz-string": "^1.5.0",
                "tsc": "^2.0.4",
                "typescript": "^5.7.2",
                "wme-sdk": "https://web-assets.waze.com/wme_sdk_docs/beta/latest/wme-sdk-typings.tgz"
            }
        },
        "node_modules/@messageformat/core": {
            "version": "3.4.0",
            "resolved": "https://registry.npmjs.org/@messageformat/core/-/core-3.4.0.tgz",
            "integrity": "sha512-NgCFubFFIdMWJGN5WuQhHCNmzk7QgiVfrViFxcS99j7F5dDS5EP6raR54I+2ydhe4+5/XTn/YIEppFaqqVWHsw==",
            "dev": true,
            "license": "MIT",
            "dependencies": {
                "@messageformat/date-skeleton": "^1.0.0",
                "@messageformat/number-skeleton": "^1.0.0",
                "@messageformat/parser": "^5.1.0",
                "@messageformat/runtime": "^3.0.1",
                "make-plural": "^7.0.0",
                "safe-identifier": "^0.4.1"
            }
        },
        "node_modules/@messageformat/date-skeleton": {
            "version": "1.1.0",
            "resolved": "https://registry.npmjs.org/@messageformat/date-skeleton/-/date-skeleton-1.1.0.tgz",
            "integrity": "sha512-rmGAfB1tIPER+gh3p/RgA+PVeRE/gxuQ2w4snFWPF5xtb5mbWR7Cbw7wCOftcUypbD6HVoxrVdyyghPm3WzP5A==",
            "dev": true,
            "license": "MIT"
        },
        "node_modules/@messageformat/number-skeleton": {
            "version": "1.2.0",
            "resolved": "https://registry.npmjs.org/@messageformat/number-skeleton/-/number-skeleton-1.2.0.tgz",
            "integrity": "sha512-xsgwcL7J7WhlHJ3RNbaVgssaIwcEyFkBqxHdcdaiJzwTZAWEOD8BuUFxnxV9k5S0qHN3v/KzUpq0IUpjH1seRg==",
            "dev": true,
            "license": "MIT"
        },
        "node_modules/@messageformat/parser": {
            "version": "5.1.0",
            "resolved": "https://registry.npmjs.org/@messageformat/parser/-/parser-5.1.0.tgz",
            "integrity": "sha512-jKlkls3Gewgw6qMjKZ9SFfHUpdzEVdovKFtW1qRhJ3WI4FW5R/NnGDqr8SDGz+krWDO3ki94boMmQvGke1HwUQ==",
            "dev": true,
            "license": "MIT",
            "dependencies": {
                "moo": "^0.5.1"
            }
        },
        "node_modules/@messageformat/runtime": {
            "version": "3.0.1",
            "resolved": "https://registry.npmjs.org/@messageformat/runtime/-/runtime-3.0.1.tgz",
            "integrity": "sha512-6RU5ol2lDtO8bD9Yxe6CZkl0DArdv0qkuoZC+ZwowU+cdRlVE1157wjCmlA5Rsf1Xc/brACnsZa5PZpEDfTFFg==",
            "dev": true,
            "license": "MIT",
            "dependencies": {
                "make-plural": "^7.0.0"
            }
        },
        "node_modules/@types/geojson": {
            "version": "7946.0.15",
            "resolved": "https://registry.npmjs.org/@types/geojson/-/geojson-7946.0.15.tgz",
            "integrity": "sha512-9oSxFzDCT2Rj6DfcHF8G++jxBKS7mBqXl5xrRW+Kbvjry6Uduya2iiwqHPhVXpasAVMBYKkEPGgKhd3+/HZ6xA==",
            "dev": true,
            "license": "MIT",
            "peer": true
        },
        "node_modules/@types/i18n": {
            "version": "0.13.12",
            "resolved": "https://registry.npmjs.org/@types/i18n/-/i18n-0.13.12.tgz",
            "integrity": "sha512-iAd2QjKh+0ToBXocmCS3m38GskiaGzmSV1MTQz2GaOraqSqBiLf46J7u3EGINl+st+Uk4lO3OL7QyIjTJlrWIg==",
            "dev": true,
            "license": "MIT"
        },
        "node_modules/@types/jquery": {
            "version": "3.5.32",
            "resolved": "https://registry.npmjs.org/@types/jquery/-/jquery-3.5.32.tgz",
            "integrity": "sha512-b9Xbf4CkMqS02YH8zACqN1xzdxc3cO735Qe5AbSUFmyOiaWAbcpqh9Wna+Uk0vgACvoQHpWDg2rGdHkYPLmCiQ==",
            "dev": true,
            "license": "MIT",
            "dependencies": {
                "@types/sizzle": "*"
            }
        },
        "node_modules/@types/sizzle": {
            "version": "2.3.9",
            "resolved": "https://registry.npmjs.org/@types/sizzle/-/sizzle-2.3.9.tgz",
            "integrity": "sha512-xzLEyKB50yqCUPUJkIsrVvoWNfFUbIZI+RspLWt8u+tIW/BetMBZtgV2LY/2o+tYH8dRvQ+eoPf3NdhQCcLE2w==",
            "dev": true,
            "license": "MIT"
        },
        "node_modules/debug": {
            "version": "4.4.0",
            "resolved": "https://registry.npmjs.org/debug/-/debug-4.4.0.tgz",
            "integrity": "sha512-6WTZ/IxCY/T6BALoZHaE4ctp9xm+Z5kY/pzYaCHRFeyVhojxlrm+46y68HA6hr0TcwEssoxNiDEUJQjfPZ/RYA==",
            "dev": true,
            "license": "MIT",
            "dependencies": {
                "ms": "^2.1.3"
            },
            "engines": {
                "node": ">=6.0"
            },
            "peerDependenciesMeta": {
                "supports-color": {
                    "optional": true
                }
            }
        },
        "node_modules/fast-printf": {
            "version": "1.6.10",
            "resolved": "https://registry.npmjs.org/fast-printf/-/fast-printf-1.6.10.tgz",
            "integrity": "sha512-GwTgG9O4FVIdShhbVF3JxOgSBY2+ePGsu2V/UONgoCPzF9VY6ZdBMKsHKCYQHZwNk3qNouUolRDsgVxcVA5G1w==",
            "dev": true,
            "license": "BSD-3-Clause",
            "engines": {
                "node": ">=10.0"
            }
        },
        "node_modules/i18n": {
            "version": "0.15.1",
            "resolved": "https://registry.npmjs.org/i18n/-/i18n-0.15.1.tgz",
            "integrity": "sha512-yue187t8MqUPMHdKjiZGrX+L+xcUsDClGO0Cz4loaKUOK9WrGw5pgan4bv130utOwX7fHE9w2iUeHFalVQWkXA==",
            "dev": true,
            "license": "MIT",
            "dependencies": {
                "@messageformat/core": "^3.0.0",
                "debug": "^4.3.3",
                "fast-printf": "^1.6.9",
                "make-plural": "^7.0.0",
                "math-interval-parser": "^2.0.1",
                "mustache": "^4.2.0"
            },
            "engines": {
                "node": ">=10"
            },
            "funding": {
                "url": "https://github.com/sponsors/mashpie"
            }
        },
        "node_modules/jquery": {
            "version": "3.7.1",
            "resolved": "https://registry.npmjs.org/jquery/-/jquery-3.7.1.tgz",
            "integrity": "sha512-m4avr8yL8kmFN8psrbFFFmB/If14iN5o9nw/NgnnM+kybDJpRsAynV2BsfpTYrTRysYUdADVD7CkUUizgkpLfg==",
            "dev": true,
            "license": "MIT"
        },
        "node_modules/lz-string": {
            "version": "1.5.0",
            "resolved": "https://registry.npmjs.org/lz-string/-/lz-string-1.5.0.tgz",
            "integrity": "sha512-h5bgJWpxJNswbU7qCrV0tIKQCaS3blPDrqKWx+QxzuzL1zGUzij9XCWLrSLsJPu5t+eWA/ycetzYAO5IOMcWAQ==",
            "dev": true,
            "license": "MIT",
            "bin": {
                "lz-string": "bin/bin.js"
            }
        },
        "node_modules/make-plural": {
            "version": "7.4.0",
            "resolved": "https://registry.npmjs.org/make-plural/-/make-plural-7.4.0.tgz",
            "integrity": "sha512-4/gC9KVNTV6pvYg2gFeQYTW3mWaoJt7WZE5vrp1KnQDgW92JtYZnzmZT81oj/dUTqAIu0ufI2x3dkgu3bB1tYg==",
            "dev": true,
            "license": "Unicode-DFS-2016"
        },
        "node_modules/math-interval-parser": {
            "version": "2.0.1",
            "resolved": "https://registry.npmjs.org/math-interval-parser/-/math-interval-parser-2.0.1.tgz",
            "integrity": "sha512-VmlAmb0UJwlvMyx8iPhXUDnVW1F9IrGEd9CIOmv+XL8AErCUUuozoDMrgImvnYt2A+53qVX/tPW6YJurMKYsvA==",
            "dev": true,
            "license": "MIT",
            "engines": {
                "node": ">=0.10.0"
            }
        },
        "node_modules/moo": {
            "version": "0.5.2",
            "resolved": "https://registry.npmjs.org/moo/-/moo-0.5.2.tgz",
            "integrity": "sha512-iSAJLHYKnX41mKcJKjqvnAN9sf0LMDTXDEvFv+ffuRR9a1MIuXLjMNL6EsnDHSkKLTWNqQQ5uo61P4EbU4NU+Q==",
            "dev": true,
            "license": "BSD-3-Clause"
        },
        "node_modules/ms": {
            "version": "2.1.3",
            "resolved": "https://registry.npmjs.org/ms/-/ms-2.1.3.tgz",
            "integrity": "sha512-6FlzubTLZG3J2a/NVCAleEhjzq5oxgHyaCU9yYXvcLsvoVaHJq/s5xXI6/XXP6tz7R9xAOtHnSO/tXtF3WRTlA==",
            "dev": true,
            "license": "MIT"
        },
        "node_modules/mustache": {
            "version": "4.2.0",
            "resolved": "https://registry.npmjs.org/mustache/-/mustache-4.2.0.tgz",
            "integrity": "sha512-71ippSywq5Yb7/tVYyGbkBggbU8H3u5Rz56fH60jGFgr8uHwxs+aSKeqmluIVzM0m0kB7xQjKS6qPfd0b2ZoqQ==",
            "dev": true,
            "license": "MIT",
            "bin": {
                "mustache": "bin/mustache"
            }
        },
        "node_modules/safe-identifier": {
            "version": "0.4.2",
            "resolved": "https://registry.npmjs.org/safe-identifier/-/safe-identifier-0.4.2.tgz",
            "integrity": "sha512-6pNbSMW6OhAi9j+N8V+U715yBQsaWJ7eyEUaOrawX+isg5ZxhUlV1NipNtgaKHmFGiABwt+ZF04Ii+3Xjkg+8w==",
            "dev": true,
            "license": "ISC"
        },
        "node_modules/tsc": {
            "version": "2.0.4",
            "resolved": "https://registry.npmjs.org/tsc/-/tsc-2.0.4.tgz",
            "integrity": "sha512-fzoSieZI5KKJVBYGvwbVZs/J5za84f2lSTLPYf6AGiIf43tZ3GNrI1QzTLcjtyDDP4aLxd46RTZq1nQxe7+k5Q==",
            "dev": true,
            "license": "MIT",
            "bin": {
                "tsc": "bin/tsc"
            }
        },
        "node_modules/typescript": {
            "version": "5.7.2",
            "resolved": "https://registry.npmjs.org/typescript/-/typescript-5.7.2.tgz",
            "integrity": "sha512-i5t66RHxDvVN40HfDd1PsEThGNnlMCMT3jMUuoh9/0TaqWevNontacunWyN02LA9/fIbEWlcHZcgTKb9QoaLfg==",
            "dev": true,
            "license": "Apache-2.0",
            "bin": {
                "tsc": "bin/tsc",
                "tsserver": "bin/tsserver"
            },
            "engines": {
                "node": ">=14.17"
            }
        },
        "node_modules/wme-geometries": {
            "resolved": "",
            "link": true
        },
        "node_modules/wme-sdk": {
            "name": "wme-sdk-typings",
            "version": "v2.268-2-g2718bf0c1",
            "resolved": "https://web-assets.waze.com/wme_sdk_docs/beta/latest/wme-sdk-typings.tgz",
            "integrity": "sha512-7M0Cf66HbceFVRHnTyxEvtpZxtMFD2gcfWqQBbqgDaR/O9OTvGPvCLOBZdaqGGegE6HZ2ceEv2kePNebRE2EcQ==",
            "dev": true,
            "license": "UNLICENSED",
            "peerDependencies": {
                "@types/geojson": "^7946.0.14"
            }
        }
    }
}
