{
    "name": "wme-geometries",
    "version": "1.0.0",
    "lockfileVersion": 3,
    "requires": true,
    "packages": {
        "": {
            "name": "wme-geometries",
            "version": "1.0.0",
            "dependencies": {
                "wme-geometries": "file:"
            },
            "devDependencies": {
                "@types/i18n": "^0.13.12",
                "i18n": "^0.15.1",
                "jquery": "^3.7.1",
                "js-kml-parser": "^1.0.2",
                "lz-string": "^1.5.0",
                "typescript": "^5.7.2",
                "wicket": "^1.3.8",
                "wme-sdk": "https://web-assets.waze.com/wme_sdk_docs/beta/latest/wme-sdk-typings.tgz"
            }
        },
        "node_modules/@mapbox/togeojson": {
            "version": "0.16.2",
            "resolved": "https://registry.npmjs.org/@mapbox/togeojson/-/togeojson-0.16.2.tgz",
            "integrity": "sha512-DcApudmw4g/grOrpM5gYPZfts6Kr8litBESN6n/27sDsjR2f+iJhx4BA0J2B+XrLlnHyJkKztYApe6oCUZpzFA==",
            "dev": true,
            "license": "BSD-2-Clause",
            "dependencies": {
                "@xmldom/xmldom": "^0.8.10",
                "concat-stream": "~2.0.0",
                "minimist": "1.2.8"
            },
            "bin": {
                "togeojson": "togeojson"
            }
        },
        "node_modules/@messageformat/core": {
            "version": "3.4.0",
            "resolved": "https://registry.npmjs.org/@messageformat/core/-/core-3.4.0.tgz",
            "integrity": "sha512-NgCFubFFIdMWJGN5WuQhHCNmzk7QgiVfrViFxcS99j7F5dDS5EP6raR54I+2ydhe4+5/XTn/YIEppFaqqVWHsw==",
            "dev": true,
            "license": "MIT",
            "dependencies": {
                "@messageformat/date-skeleton": "^1.0.0",
                "@messageformat/number-skeleton": "^1.0.0",
                "@messageformat/parser": "^5.1.0",
                "@messageformat/runtime": "^3.0.1",
                "make-plural": "^7.0.0",
                "safe-identifier": "^0.4.1"
            }
        },
        "node_modules/@messageformat/date-skeleton": {
            "version": "1.1.0",
            "resolved": "https://registry.npmjs.org/@messageformat/date-skeleton/-/date-skeleton-1.1.0.tgz",
            "integrity": "sha512-rmGAfB1tIPER+gh3p/RgA+PVeRE/gxuQ2w4snFWPF5xtb5mbWR7Cbw7wCOftcUypbD6HVoxrVdyyghPm3WzP5A==",
            "dev": true,
            "license": "MIT"
        },
        "node_modules/@messageformat/number-skeleton": {
            "version": "1.2.0",
            "resolved": "https://registry.npmjs.org/@messageformat/number-skeleton/-/number-skeleton-1.2.0.tgz",
            "integrity": "sha512-xsgwcL7J7WhlHJ3RNbaVgssaIwcEyFkBqxHdcdaiJzwTZAWEOD8BuUFxnxV9k5S0qHN3v/KzUpq0IUpjH1seRg==",
            "dev": true,
            "license": "MIT"
        },
        "node_modules/@messageformat/parser": {
            "version": "5.1.1",
            "resolved": "https://registry.npmjs.org/@messageformat/parser/-/parser-5.1.1.tgz",
            "integrity": "sha512-3p0YRGCcTUCYvBKLIxtDDyrJ0YijGIwrTRu1DT8gIviIDZru8H23+FkY6MJBzM1n9n20CiM4VeDYuBsrrwnLjg==",
            "dev": true,
            "license": "MIT",
            "dependencies": {
                "moo": "^0.5.1"
            }
        },
        "node_modules/@messageformat/runtime": {
            "version": "3.0.1",
            "resolved": "https://registry.npmjs.org/@messageformat/runtime/-/runtime-3.0.1.tgz",
            "integrity": "sha512-6RU5ol2lDtO8bD9Yxe6CZkl0DArdv0qkuoZC+ZwowU+cdRlVE1157wjCmlA5Rsf1Xc/brACnsZa5PZpEDfTFFg==",
            "dev": true,
            "license": "MIT",
            "dependencies": {
                "make-plural": "^7.0.0"
            }
        },
        "node_modules/@types/geojson": {
            "version": "7946.0.15",
            "resolved": "https://registry.npmjs.org/@types/geojson/-/geojson-7946.0.15.tgz",
            "integrity": "sha512-9oSxFzDCT2Rj6DfcHF8G++jxBKS7mBqXl5xrRW+Kbvjry6Uduya2iiwqHPhVXpasAVMBYKkEPGgKhd3+/HZ6xA==",
            "dev": true,
            "license": "MIT",
            "peer": true
        },
        "node_modules/@types/i18n": {
            "version": "0.13.12",
            "resolved": "https://registry.npmjs.org/@types/i18n/-/i18n-0.13.12.tgz",
            "integrity": "sha512-iAd2QjKh+0ToBXocmCS3m38GskiaGzmSV1MTQz2GaOraqSqBiLf46J7u3EGINl+st+Uk4lO3OL7QyIjTJlrWIg==",
            "dev": true,
            "license": "MIT"
        },
        "node_modules/@types/jquery": {
            "version": "3.5.32",
            "resolved": "https://registry.npmjs.org/@types/jquery/-/jquery-3.5.32.tgz",
            "integrity": "sha512-b9Xbf4CkMqS02YH8zACqN1xzdxc3cO735Qe5AbSUFmyOiaWAbcpqh9Wna+Uk0vgACvoQHpWDg2rGdHkYPLmCiQ==",
            "dev": true,
            "license": "MIT",
            "dependencies": {
                "@types/sizzle": "*"
            }
        },
        "node_modules/@types/sizzle": {
            "version": "2.3.9",
            "resolved": "https://registry.npmjs.org/@types/sizzle/-/sizzle-2.3.9.tgz",
            "integrity": "sha512-xzLEyKB50yqCUPUJkIsrVvoWNfFUbIZI+RspLWt8u+tIW/BetMBZtgV2LY/2o+tYH8dRvQ+eoPf3NdhQCcLE2w==",
            "dev": true,
            "license": "MIT"
        },
        "node_modules/debug": {
            "version": "4.4.0",
            "resolved": "https://registry.npmjs.org/debug/-/debug-4.4.0.tgz",
            "integrity": "sha512-6WTZ/IxCY/T6BALoZHaE4ctp9xm+Z5kY/pzYaCHRFeyVhojxlrm+46y68HA6hr0TcwEssoxNiDEUJQjfPZ/RYA==",
            "dev": true,
            "license": "MIT",
            "dependencies": {
                "ms": "^2.1.3"
            },
            "engines": {
                "node": ">=6.0"
            },
            "peerDependenciesMeta": {
                "supports-color": {
                    "optional": true
                }
            }
        },
        "node_modules/fast-printf": {
            "version": "1.6.10",
            "resolved": "https://registry.npmjs.org/fast-printf/-/fast-printf-1.6.10.tgz",
            "integrity": "sha512-GwTgG9O4FVIdShhbVF3JxOgSBY2+ePGsu2V/UONgoCPzF9VY6ZdBMKsHKCYQHZwNk3qNouUolRDsgVxcVA5G1w==",
            "dev": true,
            "license": "BSD-3-Clause",
            "engines": {
                "node": ">=10.0"
            }
        },
        "node_modules/i18n": {
            "version": "0.15.1",
            "resolved": "https://registry.npmjs.org/i18n/-/i18n-0.15.1.tgz",
            "integrity": "sha512-yue187t8MqUPMHdKjiZGrX+L+xcUsDClGO0Cz4loaKUOK9WrGw5pgan4bv130utOwX7fHE9w2iUeHFalVQWkXA==",
            "dev": true,
            "license": "MIT",
            "dependencies": {
                "@messageformat/core": "^3.0.0",
                "debug": "^4.3.3",
                "fast-printf": "^1.6.9",
                "make-plural": "^7.0.0",
                "math-interval-parser": "^2.0.1",
                "mustache": "^4.2.0"
            },
            "engines": {
                "node": ">=10"
            },
            "funding": {
                "url": "https://github.com/sponsors/mashpie"
            }
        },
        "node_modules/inherits": {
            "version": "2.0.4",
            "resolved": "https://registry.npmjs.org/inherits/-/inherits-2.0.4.tgz",
            "integrity": "sha512-k/vGaX4/Yla3WzyMCvTQOXYeIHvqOKtnqBduzTHpzpQZzAskKMhZ2K+EnBiSM9zGSoIFeMpXKxa4dYeZIQqewQ==",
            "dev": true,
            "license": "ISC"
        },
        "node_modules/jquery": {
            "version": "3.7.1",
            "resolved": "https://registry.npmjs.org/jquery/-/jquery-3.7.1.tgz",
            "integrity": "sha512-m4avr8yL8kmFN8psrbFFFmB/If14iN5o9nw/NgnnM+kybDJpRsAynV2BsfpTYrTRysYUdADVD7CkUUizgkpLfg==",
            "dev": true,
            "license": "MIT"
        },
        "node_modules/js-kml-parser": {
            "version": "1.0.2",
            "resolved": "https://registry.npmjs.org/js-kml-parser/-/js-kml-parser-1.0.2.tgz",
            "integrity": "sha512-k1xrEf3ZEsNcSntFv/cQrayqDKXn1GlsO6yWHVnPXxEGOUVER3ouAcW1etOhCVn0DfYBQJjjhybCHMz2MGDgcQ==",
            "dev": true,
            "license": "MIT",
            "dependencies": {
                "@mapbox/togeojson": "^0.16.0",
                "xmldom": "^0.6.0"
            }
        },
        "node_modules/lz-string": {
            "version": "1.5.0",
            "resolved": "https://registry.npmjs.org/lz-string/-/lz-string-1.5.0.tgz",
            "integrity": "sha512-h5bgJWpxJNswbU7qCrV0tIKQCaS3blPDrqKWx+QxzuzL1zGUzij9XCWLrSLsJPu5t+eWA/ycetzYAO5IOMcWAQ==",
            "dev": true,
            "license": "MIT",
            "bin": {
                "lz-string": "bin/bin.js"
            }
        },
        "node_modules/make-plural": {
            "version": "7.4.0",
            "resolved": "https://registry.npmjs.org/make-plural/-/make-plural-7.4.0.tgz",
            "integrity": "sha512-4/gC9KVNTV6pvYg2gFeQYTW3mWaoJt7WZE5vrp1KnQDgW92JtYZnzmZT81oj/dUTqAIu0ufI2x3dkgu3bB1tYg==",
            "dev": true,
            "license": "Unicode-DFS-2016"
        },
        "node_modules/math-interval-parser": {
            "version": "2.0.1",
            "resolved": "https://registry.npmjs.org/math-interval-parser/-/math-interval-parser-2.0.1.tgz",
            "integrity": "sha512-VmlAmb0UJwlvMyx8iPhXUDnVW1F9IrGEd9CIOmv+XL8AErCUUuozoDMrgImvnYt2A+53qVX/tPW6YJurMKYsvA==",
            "dev": true,
            "license": "MIT",
            "engines": {
                "node": ">=0.10.0"
            }
        },
        "node_modules/minimist": {
            "version": "1.2.8",
            "resolved": "https://registry.npmjs.org/minimist/-/minimist-1.2.8.tgz",
            "integrity": "sha512-2yyAR8qBkN3YuheJanUpWC5U3bb5osDywNB8RzDVlDwDHbocAJveqqj1u8+SVD7jkWT4yvsHCpWqqWqAxb0zCA==",
            "dev": true,
            "license": "MIT",
            "funding": {
                "url": "https://github.com/sponsors/ljharb"
            }
        },
        "node_modules/moo": {
            "version": "0.5.2",
            "resolved": "https://registry.npmjs.org/moo/-/moo-0.5.2.tgz",
            "integrity": "sha512-iSAJLHYKnX41mKcJKjqvnAN9sf0LMDTXDEvFv+ffuRR9a1MIuXLjMNL6EsnDHSkKLTWNqQQ5uo61P4EbU4NU+Q==",
            "dev": true,
            "license": "BSD-3-Clause"
        },
        "node_modules/ms": {
            "version": "2.1.3",
            "resolved": "https://registry.npmjs.org/ms/-/ms-2.1.3.tgz",
            "integrity": "sha512-6FlzubTLZG3J2a/NVCAleEhjzq5oxgHyaCU9yYXvcLsvoVaHJq/s5xXI6/XXP6tz7R9xAOtHnSO/tXtF3WRTlA==",
            "dev": true,
            "license": "MIT"
        },
        "node_modules/mustache": {
            "version": "4.2.0",
            "resolved": "https://registry.npmjs.org/mustache/-/mustache-4.2.0.tgz",
            "integrity": "sha512-71ippSywq5Yb7/tVYyGbkBggbU8H3u5Rz56fH60jGFgr8uHwxs+aSKeqmluIVzM0m0kB7xQjKS6qPfd0b2ZoqQ==",
            "dev": true,
            "license": "MIT",
            "bin": {
                "mustache": "bin/mustache"
            }
        },
        "node_modules/readable-stream": {
            "version": "3.6.2",
            "resolved": "https://registry.npmjs.org/readable-stream/-/readable-stream-3.6.2.tgz",
            "integrity": "sha512-9u/sniCrY3D5WdsERHzHE4G2YCXqoG5FTHUiCC4SIbr6XcLZBY05ya9EKjYek9O5xOAwjGq+1JdGBAS7Q9ScoA==",
            "dev": true,
            "license": "MIT",
            "dependencies": {
                "inherits": "^2.0.3",
                "string_decoder": "^1.1.1",
                "util-deprecate": "^1.0.1"
            },
            "engines": {
                "node": ">= 6"
            }
        },
        "node_modules/safe-buffer": {
            "version": "5.2.1",
            "resolved": "https://registry.npmjs.org/safe-buffer/-/safe-buffer-5.2.1.tgz",
            "integrity": "sha512-rp3So07KcdmmKbGvgaNxQSJr7bGVSVk5S9Eq1F+ppbRo70+YeaDxkw5Dd8NPN+GD6bjnYm2VuPuCXmpuYvmCXQ==",
            "dev": true,
            "funding": [
                {
                    "type": "github",
                    "url": "https://github.com/sponsors/feross"
                },
                {
                    "type": "patreon",
                    "url": "https://www.patreon.com/feross"
                },
                {
                    "type": "consulting",
                    "url": "https://feross.org/support"
                }
            ],
            "license": "MIT"
        },
        "node_modules/safe-identifier": {
            "version": "0.4.2",
            "resolved": "https://registry.npmjs.org/safe-identifier/-/safe-identifier-0.4.2.tgz",
            "integrity": "sha512-6pNbSMW6OhAi9j+N8V+U715yBQsaWJ7eyEUaOrawX+isg5ZxhUlV1NipNtgaKHmFGiABwt+ZF04Ii+3Xjkg+8w==",
            "dev": true,
            "license": "ISC"
        },
        "node_modules/string_decoder": {
            "version": "1.3.0",
            "resolved": "https://registry.npmjs.org/string_decoder/-/string_decoder-1.3.0.tgz",
            "integrity": "sha512-hkRX8U1WjJFd8LsDJ2yQ/wWWxaopEsABU1XfkM8A+j0+85JAGppt16cr1Whg6KIbb4okU6Mql6BOj+uup/wKeA==",
            "dev": true,
            "license": "MIT",
            "dependencies": {
                "safe-buffer": "~5.2.0"
            }
        },
        "node_modules/typedarray": {
            "version": "0.0.6",
            "resolved": "https://registry.npmjs.org/typedarray/-/typedarray-0.0.6.tgz",
            "integrity": "sha512-/aCDEGatGvZ2BIk+HmLf4ifCJFwvKFNb9/JeZPMulfgFracn9QFcAf5GO8B/mweUjSoblS5In0cWhqpfs/5PQA==",
            "dev": true,
            "license": "MIT"
        },
        "node_modules/typescript": {
            "version": "5.7.2",
            "resolved": "https://registry.npmjs.org/typescript/-/typescript-5.7.2.tgz",
            "integrity": "sha512-i5t66RHxDvVN40HfDd1PsEThGNnlMCMT3jMUuoh9/0TaqWevNontacunWyN02LA9/fIbEWlcHZcgTKb9QoaLfg==",
            "dev": true,
            "license": "Apache-2.0",
            "bin": {
                "tsc": "bin/tsc",
                "tsserver": "bin/tsserver"
            },
            "engines": {
                "node": ">=14.17"
            }
        },
        "node_modules/util-deprecate": {
            "version": "1.0.2",
            "resolved": "https://registry.npmjs.org/util-deprecate/-/util-deprecate-1.0.2.tgz",
            "integrity": "sha512-EPD5q1uXyFxJpCrLnCc1nHnq3gOa6DZBocAIiI2TaSCA7VCJ1UJDMagCzIkXNsUYfD1daK//LTEQ8xiIbrHtcw==",
            "dev": true,
            "license": "MIT"
        },
        "node_modules/wicket": {
            "version": "1.3.8",
            "resolved": "https://registry.npmjs.org/wicket/-/wicket-1.3.8.tgz",
            "integrity": "sha512-+UZsrBvp8OI+8PhStpXQw0oJedaCLncZwu7lPdcZ9BpUsyu25rztzHG+IwXGK372nuDGp+Wy4FreM/rzdWYJAg==",
            "dev": true,
            "license": "GPL-3.0"
        },
        "node_modules/wme-geometries": {
            "resolved": "",
            "link": true
        },
        "node_modules/wme-sdk": {
            "name": "wme-sdk-typings",
            "version": "v2.268-2-g2718bf0c1",
            "resolved": "https://web-assets.waze.com/wme_sdk_docs/beta/latest/wme-sdk-typings.tgz",
            "integrity": "sha512-7M0Cf66HbceFVRHnTyxEvtpZxtMFD2gcfWqQBbqgDaR/O9OTvGPvCLOBZdaqGGegE6HZ2ceEv2kePNebRE2EcQ==",
            "dev": true,
            "license": "UNLICENSED",
            "peerDependencies": {
                "@types/geojson": "^7946.0.14"
            }
        },
        "node_modules/xmldom": {
            "version": "0.6.0",
            "resolved": "https://registry.npmjs.org/xmldom/-/xmldom-0.6.0.tgz",
            "integrity": "sha512-iAcin401y58LckRZ0TkI4k0VSM1Qg0KGSc3i8rU+xrxe19A/BN1zHyVSJY7uoutVlaTSzYyk/v5AmkewAP7jtg==",
            "dev": true,
            "license": "MIT",
            "engines": {
                "node": ">=10.0.0"
            }
        }
    }
}
